
Microsoft Visual Studio Solution File, Format Version 12.00
# Visual Studio Version 16
VisualStudioVersion = 16.0.32929.386
MinimumVisualStudioVersion = 10.0.40219.1
Project("{FAE04EC0-301F-11D3-BF4B-00C04F79EFBC}") = "Ex03_Engine", "Ex03_Engine\Ex03_Engine.csproj", "{024FB5A0-E7BC-44F1-8074-A9A838EF7676}"
EndProject
Global
	GlobalSection(SolutionConfigurationPlatforms) = preSolution
		Debug|Any CPU = Debug|Any CPU
		Release|Any CPU = Release|Any CPU
	EndGlobalSection
	GlobalSection(ProjectConfigurationPlatforms) = postSolution
		{024FB5A0-E7BC-44F1-8074-A9A838EF7676}.Debug|Any CPU.ActiveCfg = Debug|Any CPU
		{024FB5A0-E7BC-44F1-8074-A9A838EF7676}.Debug|Any CPU.Build.0 = Debug|Any CPU
		{024FB5A0-E7BC-44F1-8074-A9A838EF7676}.Release|Any CPU.ActiveCfg = Release|Any CPU
		{024FB5A0-E7BC-44F1-8074-A9A838EF7676}.Release|Any CPU.Build.0 = Release|Any CPU
	EndGlobalSection
	GlobalSection(SolutionProperties) = preSolution
		HideSolutionNode = FALSE
	EndGlobalSection
	GlobalSection(ExtensibilityGlobals) = postSolution
		SolutionGuid = {79031E1F-6011-4AB9-991F-1FC45E24B6C0}
	EndGlobalSection
EndGlobal
