
Microsoft Visual Studio Solution File, Format Version 12.00
# Visual Studio Version 16
VisualStudioVersion = 16.0.32929.386
MinimumVisualStudioVersion = 10.0.40219.1
Project("{FAE04EC0-301F-11D3-BF4B-00C04F79EFBC}") = "Ex04.Menus. Interfaces", "Ex04.Menus. Interfaces\Ex04.Menus. Interfaces.csproj", "{12C87D5C-EDCB-406B-8132-126323A3E0F8}"
EndProject
Project("{FAE04EC0-301F-11D3-BF4B-00C04F79EFBC}") = "Ex04.Menus.Delegates", "Ex04.Menus.Delegates\Ex04.Menus.Delegates.csproj", "{40D3F0BD-5D9D-4E51-9C2B-18B3C3DBF2BE}"
EndProject
Project("{FAE04EC0-301F-11D3-BF4B-00C04F79EFBC}") = "Ex04.Menus.Test", "Ex04.Menus.Test\Ex04.Menus.Test.csproj", "{1720B5DB-DE8D-4B7E-A2C9-A55BEC23DA58}"
EndProject
Global
	GlobalSection(SolutionConfigurationPlatforms) = preSolution
		Debug|Any CPU = Debug|Any CPU
		Release|Any CPU = Release|Any CPU
	EndGlobalSection
	GlobalSection(ProjectConfigurationPlatforms) = postSolution
		{12C87D5C-EDCB-406B-8132-126323A3E0F8}.Debug|Any CPU.ActiveCfg = Debug|Any CPU
		{12C87D5C-EDCB-406B-8132-126323A3E0F8}.Debug|Any CPU.Build.0 = Debug|Any CPU
		{12C87D5C-EDCB-406B-8132-126323A3E0F8}.Release|Any CPU.ActiveCfg = Release|Any CPU
		{12C87D5C-EDCB-406B-8132-126323A3E0F8}.Release|Any CPU.Build.0 = Release|Any CPU
		{40D3F0BD-5D9D-4E51-9C2B-18B3C3DBF2BE}.Debug|Any CPU.ActiveCfg = Debug|Any CPU
		{40D3F0BD-5D9D-4E51-9C2B-18B3C3DBF2BE}.Debug|Any CPU.Build.0 = Debug|Any CPU
		{40D3F0BD-5D9D-4E51-9C2B-18B3C3DBF2BE}.Release|Any CPU.ActiveCfg = Release|Any CPU
		{40D3F0BD-5D9D-4E51-9C2B-18B3C3DBF2BE}.Release|Any CPU.Build.0 = Release|Any CPU
		{1720B5DB-DE8D-4B7E-A2C9-A55BEC23DA58}.Debug|Any CPU.ActiveCfg = Debug|Any CPU
		{1720B5DB-DE8D-4B7E-A2C9-A55BEC23DA58}.Debug|Any CPU.Build.0 = Debug|Any CPU
		{1720B5DB-DE8D-4B7E-A2C9-A55BEC23DA58}.Release|Any CPU.ActiveCfg = Release|Any CPU
		{1720B5DB-DE8D-4B7E-A2C9-A55BEC23DA58}.Release|Any CPU.Build.0 = Release|Any CPU
	EndGlobalSection
	GlobalSection(SolutionProperties) = preSolution
		HideSolutionNode = FALSE
	EndGlobalSection
	GlobalSection(ExtensibilityGlobals) = postSolution
		SolutionGuid = {A4657D1D-777F-4286-95A9-74A0BAA623BB}
	EndGlobalSection
EndGlobal
